// !$*UTF8*$!
{
	archiveVersion = 1;
	classes = {
	};
	objectVersion = 56;
	objects = {

/* Begin PBXBuildFile section */
		5416E9F9297C89D800CADF90 /* CardRowView.swift in Sources */ = {isa = PBXBuildFile; fileRef = 5416E9F8297C89D800CADF90 /* CardRowView.swift */; };
		5416E9FB297C8C2900CADF90 /* CardListView.swift in Sources */ = {isa = PBXBuildFile; fileRef = 5416E9FA297C8C2900CADF90 /* CardListView.swift */; };
		5416E9FE297C967300CADF90 /* ImagePickerView.swift in Sources */ = {isa = PBXBuildFile; fileRef = 5416E9FD297C967300CADF90 /* ImagePickerView.swift */; };
		5477EE6D2939313400682C83 /* CardView.swift in Sources */ = {isa = PBXBuildFile; fileRef = 5477EE6C2939313400682C83 /* CardView.swift */; };
		5477EE6F29393C3800682C83 /* StartPageView.swift in Sources */ = {isa = PBXBuildFile; fileRef = 5477EE6E29393C3800682C83 /* StartPageView.swift */; };
		548FED0D293BD92800A77FBC /* CardInfoView.swift in Sources */ = {isa = PBXBuildFile; fileRef = 548FED0C293BD92800A77FBC /* CardInfoView.swift */; };
		54A14AF6293904D900D0229F /* Portals_AriunaApp.swift in Sources */ = {isa = PBXBuildFile; fileRef = 54A14AF5293904D900D0229F /* Portals_AriunaApp.swift */; };
		54A14AF8293904D900D0229F /* ContentView.swift in Sources */ = {isa = PBXBuildFile; fileRef = 54A14AF7293904D900D0229F /* ContentView.swift */; };
		54A14AFA293904D900D0229F /* Assets.xcassets in Resources */ = {isa = PBXBuildFile; fileRef = 54A14AF9293904D900D0229F /* Assets.xcassets */; };
		54A14AFD293904D900D0229F /* Preview Assets.xcassets in Resources */ = {isa = PBXBuildFile; fileRef = 54A14AFC293904D900D0229F /* Preview Assets.xcassets */; };
/* End PBXBuildFile section */

/* Begin PBXFileReference section */
		5416E9F8297C89D800CADF90 /* CardRowView.swift */ = {isa = PBXFileReference; lastKnownFileType = sourcecode.swift; path = CardRowView.swift; sourceTree = "<group>"; };
		5416E9FA297C8C2900CADF90 /* CardListView.swift */ = {isa = PBXFileReference; lastKnownFileType = sourcecode.swift; path = CardListView.swift; sourceTree = "<group>"; };
		5416E9FD297C967300CADF90 /* ImagePickerView.swift */ = {isa = PBXFileReference; lastKnownFileType = sourcecode.swift; path = ImagePickerView.swift; sourceTree = "<group>"; };
		5477EE6C2939313400682C83 /* CardView.swift */ = {isa = PBXFileReference; lastKnownFileType = sourcecode.swift; path = CardView.swift; sourceTree = "<group>"; };
		5477EE6E29393C3800682C83 /* StartPageView.swift */ = {isa = PBXFileReference; lastKnownFileType = sourcecode.swift; path = StartPageView.swift; sourceTree = "<group>"; };
		548FED0C293BD92800A77FBC /* CardInfoView.swift */ = {isa = PBXFileReference; lastKnownFileType = sourcecode.swift; path = CardInfoView.swift; sourceTree = "<group>"; };
		54A14AF2293904D900D0229F /* Portals_Ariuna.app */ = {isa = PBXFileReference; explicitFileType = wrapper.application; includeInIndex = 0; path = Portals_Ariuna.app; sourceTree = BUILT_PRODUCTS_DIR; };
		54A14AF5293904D900D0229F /* Portals_AriunaApp.swift */ = {isa = PBXFileReference; lastKnownFileType = sourcecode.swift; path = Portals_AriunaApp.swift; sourceTree = "<group>"; };
		54A14AF7293904D900D0229F /* ContentView.swift */ = {isa = PBXFileReference; lastKnownFileType = sourcecode.swift; path = ContentView.swift; sourceTree = "<group>"; };
		54A14AF9293904D900D0229F /* Assets.xcassets */ = {isa = PBXFileReference; lastKnownFileType = folder.assetcatalog; path = Assets.xcassets; sourceTree = "<group>"; };
		54A14AFC293904D900D0229F /* Preview Assets.xcassets */ = {isa = PBXFileReference; lastKnownFileType = folder.assetcatalog; path = "Preview Assets.xcassets"; sourceTree = "<group>"; };
/* End PBXFileReference section */

/* Begin PBXFrameworksBuildPhase section */
		54A14AEF293904D900D0229F /* Frameworks */ = {
			isa = PBXFrameworksBuildPhase;
			buildActionMask = 2147483647;
			files = (
			);
			runOnlyForDeploymentPostprocessing = 0;
		};
/* End PBXFrameworksBuildPhase section */

/* Begin PBXGroup section */
		5416E9F4297C530B00CADF90 /* Main */ = {
			isa = PBXGroup;
			children = (
				54A14AF7293904D900D0229F /* ContentView.swift */,
				5477EE6E29393C3800682C83 /* StartPageView.swift */,
				548FED0C293BD92800A77FBC /* CardInfoView.swift */,
				5416E9FA297C8C2900CADF90 /* CardListView.swift */,
			);
			path = Main;
			sourceTree = "<group>";
		};
		5416E9F5297C535500CADF90 /* Details */ = {
			isa = PBXGroup;
			children = (
				5477EE6C2939313400682C83 /* CardView.swift */,
				5416E9F8297C89D800CADF90 /* CardRowView.swift */,
			);
			path = Details;
			sourceTree = "<group>";
		};
		5416E9F6297C537100CADF90 /* Views */ = {
			isa = PBXGroup;
			children = (
				5416E9F4297C530B00CADF90 /* Main */,
				5416E9F5297C535500CADF90 /* Details */,
				5416E9FC297C961900CADF90 /* Model */,
			);
			path = Views;
			sourceTree = "<group>";
		};
		5416E9F7297C538D00CADF90 /* Model */ = {
			isa = PBXGroup;
			children = (
			);
			path = Model;
			sourceTree = "<group>";
		};
		5416E9FC297C961900CADF90 /* Model */ = {
			isa = PBXGroup;
			children = (
				5416E9FD297C967300CADF90 /* ImagePickerView.swift */,
			);
			path = Model;
			sourceTree = "<group>";
		};
		54A14AE9293904D900D0229F = {
			isa = PBXGroup;
			children = (
				54A14AF4293904D900D0229F /* Portals_Ariuna */,
				54A14AF3293904D900D0229F /* Products */,
			);
			sourceTree = "<group>";
		};
		54A14AF3293904D900D0229F /* Products */ = {
			isa = PBXGroup;
			children = (
				54A14AF2293904D900D0229F /* Portals_Ariuna.app */,
			);
			name = Products;
			sourceTree = "<group>";
		};
		54A14AF4293904D900D0229F /* Portals_Ariuna */ = {
			isa = PBXGroup;
			children = (
				54A14AF5293904D900D0229F /* Portals_AriunaApp.swift */,
				5416E9F6297C537100CADF90 /* Views */,
				5416E9F7297C538D00CADF90 /* Model */,
				54A14AF9293904D900D0229F /* Assets.xcassets */,
				54A14AFB293904D900D0229F /* Preview Content */,
			);
			path = Portals_Ariuna;
			sourceTree = "<group>";
		};
		54A14AFB293904D900D0229F /* Preview Content */ = {
			isa = PBXGroup;
			children = (
				54A14AFC293904D900D0229F /* Preview Assets.xcassets */,
			);
			path = "Preview Content";
			sourceTree = "<group>";
		};
/* End PBXGroup section */

/* Begin PBXNativeTarget section */
		54A14AF1293904D900D0229F /* Portals_Ariuna */ = {
			isa = PBXNativeTarget;
			buildConfigurationList = 54A14B00293904D900D0229F /* Build configuration list for PBXNativeTarget "Portals_Ariuna" */;
			buildPhases = (
				54A14AEE293904D900D0229F /* Sources */,
				54A14AEF293904D900D0229F /* Frameworks */,
				54A14AF0293904D900D0229F /* Resources */,
			);
			buildRules = (
			);
			dependencies = (
			);
			name = Portals_Ariuna;
			productName = Portals_Ariuna;
			productReference = 54A14AF2293904D900D0229F /* Portals_Ariuna.app */;
			productType = "com.apple.product-type.application";
		};
/* End PBXNativeTarget section */

/* Begin PBXProject section */
		54A14AEA293904D900D0229F /* Project object */ = {
			isa = PBXProject;
			attributes = {
				BuildIndependentTargetsInParallel = 1;
				LastSwiftUpdateCheck = 1400;
				LastUpgradeCheck = 1400;
				TargetAttributes = {
					54A14AF1293904D900D0229F = {
						CreatedOnToolsVersion = 14.0.1;
					};
				};
			};
			buildConfigurationList = 54A14AED293904D900D0229F /* Build configuration list for PBXProject "Portals_Ariuna" */;
			compatibilityVersion = "Xcode 14.0";
			developmentRegion = en;
			hasScannedForEncodings = 0;
			knownRegions = (
				en,
				Base,
			);
			mainGroup = 54A14AE9293904D900D0229F;
			productRefGroup = 54A14AF3293904D900D0229F /* Products */;
			projectDirPath = "";
			projectRoot = "";
			targets = (
				54A14AF1293904D900D0229F /* Portals_Ariuna */,
			);
		};
/* End PBXProject section */

/* Begin PBXResourcesBuildPhase section */
		54A14AF0293904D900D0229F /* Resources */ = {
			isa = PBXResourcesBuildPhase;
			buildActionMask = 2147483647;
			files = (
				54A14AFD293904D900D0229F /* Preview Assets.xcassets in Resources */,
				54A14AFA293904D900D0229F /* Assets.xcassets in Resources */,
			);
			runOnlyForDeploymentPostprocessing = 0;
		};
/* End PBXResourcesBuildPhase section */

/* Begin PBXSourcesBuildPhase section */
		54A14AEE293904D900D0229F /* Sources */ = {
			isa = PBXSourcesBuildPhase;
			buildActionMask = 2147483647;
			files = (
				5477EE6F29393C3800682C83 /* StartPageView.swift in Sources */,
				5416E9F9297C89D800CADF90 /* CardRowView.swift in Sources */,
				54A14AF8293904D900D0229F /* ContentView.swift in Sources */,
				5477EE6D2939313400682C83 /* CardView.swift in Sources */,
				5416E9FE297C967300CADF90 /* ImagePickerView.swift in Sources */,
				54A14AF6293904D900D0229F /* Portals_AriunaApp.swift in Sources */,
				5416E9FB297C8C2900CADF90 /* CardListView.swift in Sources */,
				548FED0D293BD92800A77FBC /* CardInfoView.swift in Sources */,
			);
			runOnlyForDeploymentPostprocessing = 0;
		};
/* End PBXSourcesBuildPhase section */

/* Begin XCBuildConfiguration section */
		54A14AFE293904D900D0229F /* Debug */ = {
			isa = XCBuildConfiguration;
			buildSettings = {
				ALWAYS_SEARCH_USER_PATHS = NO;
				CLANG_ANALYZER_NONNULL = YES;
				CLANG_ANALYZER_NUMBER_OBJECT_CONVERSION = YES_AGGRESSIVE;
				CLANG_CXX_LANGUAGE_STANDARD = "gnu++20";
				CLANG_ENABLE_MODULES = YES;
				CLANG_ENABLE_OBJC_ARC = YES;
				CLANG_ENABLE_OBJC_WEAK = YES;
				CLANG_WARN_BLOCK_CAPTURE_AUTORELEASING = YES;
				CLANG_WARN_BOOL_CONVERSION = YES;
				CLANG_WARN_COMMA = YES;
				CLANG_WARN_CONSTANT_CONVERSION = YES;
				CLANG_WARN_DEPRECATED_OBJC_IMPLEMENTATIONS = YES;
				CLANG_WARN_DIRECT_OBJC_ISA_USAGE = YES_ERROR;
				CLANG_WARN_DOCUMENTATION_COMMENTS = YES;
				CLANG_WARN_EMPTY_BODY = YES;
				CLANG_WARN_ENUM_CONVERSION = YES;
				CLANG_WARN_INFINITE_RECURSION = YES;
				CLANG_WARN_INT_CONVERSION = YES;
				CLANG_WARN_NON_LITERAL_NULL_CONVERSION = YES;
				CLANG_WARN_OBJC_IMPLICIT_RETAIN_SELF = YES;
				CLANG_WARN_OBJC_LITERAL_CONVERSION = YES;
				CLANG_WARN_OBJC_ROOT_CLASS = YES_ERROR;
				CLANG_WARN_QUOTED_INCLUDE_IN_FRAMEWORK_HEADER = YES;
				CLANG_WARN_RANGE_LOOP_ANALYSIS = YES;
				CLANG_WARN_STRICT_PROTOTYPES = YES;
				CLANG_WARN_SUSPICIOUS_MOVE = YES;
				CLANG_WARN_UNGUARDED_AVAILABILITY = YES_AGGRESSIVE;
				CLANG_WARN_UNREACHABLE_CODE = YES;
				CLANG_WARN__DUPLICATE_METHOD_MATCH = YES;
				COPY_PHASE_STRIP = NO;
				DEBUG_INFORMATION_FORMAT = dwarf;
				ENABLE_STRICT_OBJC_MSGSEND = YES;
				ENABLE_TESTABILITY = YES;
				GCC_C_LANGUAGE_STANDARD = gnu11;
				GCC_DYNAMIC_NO_PIC = NO;
				GCC_NO_COMMON_BLOCKS = YES;
				GCC_OPTIMIZATION_LEVEL = 0;
				GCC_PREPROCESSOR_DEFINITIONS = (
					"DEBUG=1",
					"$(inherited)",
				);
				GCC_WARN_64_TO_32_BIT_CONVERSION = YES;
				GCC_WARN_ABOUT_RETURN_TYPE = YES_ERROR;
				GCC_WARN_UNDECLARED_SELECTOR = YES;
				GCC_WARN_UNINITIALIZED_AUTOS = YES_AGGRESSIVE;
				GCC_WARN_UNUSED_FUNCTION = YES;
				GCC_WARN_UNUSED_VARIABLE = YES;
				IPHONEOS_DEPLOYMENT_TARGET = 16.0;
				MTL_ENABLE_DEBUG_INFO = INCLUDE_SOURCE;
				MTL_FAST_MATH = YES;
				ONLY_ACTIVE_ARCH = YES;
				SDKROOT = iphoneos;
				SWIFT_ACTIVE_COMPILATION_CONDITIONS = DEBUG;
				SWIFT_OPTIMIZATION_LEVEL = "-Onone";
			};
			name = Debug;
		};
		54A14AFF293904D900D0229F /* Release */ = {
			isa = XCBuildConfiguration;
			buildSettings = {
				ALWAYS_SEARCH_USER_PATHS = NO;
				CLANG_ANALYZER_NONNULL = YES;
				CLANG_ANALYZER_NUMBER_OBJECT_CONVERSION = YES_AGGRESSIVE;
				CLANG_CXX_LANGUAGE_STANDARD = "gnu++20";
				CLANG_ENABLE_MODULES = YES;
				CLANG_ENABLE_OBJC_ARC = YES;
				CLANG_ENABLE_OBJC_WEAK = YES;
				CLANG_WARN_BLOCK_CAPTURE_AUTORELEASING = YES;
				CLANG_WARN_BOOL_CONVERSION = YES;
				CLANG_WARN_COMMA = YES;
				CLANG_WARN_CONSTANT_CONVERSION = YES;
				CLANG_WARN_DEPRECATED_OBJC_IMPLEMENTATIONS = YES;
				CLANG_WARN_DIRECT_OBJC_ISA_USAGE = YES_ERROR;
				CLANG_WARN_DOCUMENTATION_COMMENTS = YES;
				CLANG_WARN_EMPTY_BODY = YES;
				CLANG_WARN_ENUM_CONVERSION = YES;
				CLANG_WARN_INFINITE_RECURSION = YES;
				CLANG_WARN_INT_CONVERSION = YES;
				CLANG_WARN_NON_LITERAL_NULL_CONVERSION = YES;
				CLANG_WARN_OBJC_IMPLICIT_RETAIN_SELF = YES;
				CLANG_WARN_OBJC_LITERAL_CONVERSION = YES;
				CLANG_WARN_OBJC_ROOT_CLASS = YES_ERROR;
				CLANG_WARN_QUOTED_INCLUDE_IN_FRAMEWORK_HEADER = YES;
				CLANG_WARN_RANGE_LOOP_ANALYSIS = YES;
				CLANG_WARN_STRICT_PROTOTYPES = YES;
				CLANG_WARN_SUSPICIOUS_MOVE = YES;
				CLANG_WARN_UNGUARDED_AVAILABILITY = YES_AGGRESSIVE;
				CLANG_WARN_UNREACHABLE_CODE = YES;
				CLANG_WARN__DUPLICATE_METHOD_MATCH = YES;
				COPY_PHASE_STRIP = NO;
				DEBUG_INFORMATION_FORMAT = "dwarf-with-dsym";
				ENABLE_NS_ASSERTIONS = NO;
				ENABLE_STRICT_OBJC_MSGSEND = YES;
				GCC_C_LANGUAGE_STANDARD = gnu11;
				GCC_NO_COMMON_BLOCKS = YES;
				GCC_WARN_64_TO_32_BIT_CONVERSION = YES;
				GCC_WARN_ABOUT_RETURN_TYPE = YES_ERROR;
				GCC_WARN_UNDECLARED_SELECTOR = YES;
				GCC_WARN_UNINITIALIZED_AUTOS = YES_AGGRESSIVE;
				GCC_WARN_UNUSED_FUNCTION = YES;
				GCC_WARN_UNUSED_VARIABLE = YES;
				IPHONEOS_DEPLOYMENT_TARGET = 16.0;
				MTL_ENABLE_DEBUG_INFO = NO;
				MTL_FAST_MATH = YES;
				SDKROOT = iphoneos;
				SWIFT_COMPILATION_MODE = wholemodule;
				SWIFT_OPTIMIZATION_LEVEL = "-O";
				VALIDATE_PRODUCT = YES;
			};
			name = Release;
		};
		54A14B01293904D900D0229F /* Debug */ = {
			isa = XCBuildConfiguration;
			buildSettings = {
				ASSETCATALOG_COMPILER_APPICON_NAME = AppIcon;
				ASSETCATALOG_COMPILER_GLOBAL_ACCENT_COLOR_NAME = AccentColor;
				CODE_SIGN_STYLE = Automatic;
				CURRENT_PROJECT_VERSION = 1;
				DEVELOPMENT_ASSET_PATHS = "\"Portals_Ariuna/Preview Content\"";
				DEVELOPMENT_TEAM = LU4XHFZPKM;
				ENABLE_PREVIEWS = YES;
				GENERATE_INFOPLIST_FILE = YES;
				INFOPLIST_KEY_NSCameraUsageDescription = "We need the camera";
				INFOPLIST_KEY_UIApplicationSceneManifest_Generation = YES;
				INFOPLIST_KEY_UIApplicationSupportsIndirectInputEvents = YES;
				INFOPLIST_KEY_UILaunchScreen_Generation = YES;
				INFOPLIST_KEY_UISupportedInterfaceOrientations_iPad = "UIInterfaceOrientationPortrait UIInterfaceOrientationPortraitUpsideDown UIInterfaceOrientationLandscapeLeft UIInterfaceOrientationLandscapeRight";
				INFOPLIST_KEY_UISupportedInterfaceOrientations_iPhone = "UIInterfaceOrientationPortrait UIInterfaceOrientationLandscapeLeft UIInterfaceOrientationLandscapeRight";
				LD_RUNPATH_SEARCH_PATHS = (
					"$(inherited)",
					"@executable_path/Frameworks",
				);
				MARKETING_VERSION = 1.0;
				PRODUCT_BUNDLE_IDENTIFIER = "com.ariuna.Portals-Ariuna";
				PRODUCT_NAME = "$(TARGET_NAME)";
				SWIFT_EMIT_LOC_STRINGS = YES;
				SWIFT_VERSION = 5.0;
				TARGETED_DEVICE_FAMILY = "1,2";
			};
			name = Debug;
		};
		54A14B02293904D900D0229F /* Release */ = {
			isa = XCBuildConfiguration;
			buildSettings = {
				ASSETCATALOG_COMPILER_APPICON_NAME = AppIcon;
				ASSETCATALOG_COMPILER_GLOBAL_ACCENT_COLOR_NAME = AccentColor;
				CODE_SIGN_STYLE = Automatic;
				CURRENT_PROJECT_VERSION = 1;
				DEVELOPMENT_ASSET_PATHS = "\"Portals_Ariuna/Preview Content\"";
				DEVELOPMENT_TEAM = LU4XHFZPKM;
				ENABLE_PREVIEWS = YES;
				GENERATE_INFOPLIST_FILE = YES;
				INFOPLIST_KEY_NSCameraUsageDescription = "We need the camera";
				INFOPLIST_KEY_UIApplicationSceneManifest_Generation = YES;
				INFOPLIST_KEY_UIApplicationSupportsIndirectInputEvents = YES;
				INFOPLIST_KEY_UILaunchScreen_Generation = YES;
				INFOPLIST_KEY_UISupportedInterfaceOrientations_iPad = "UIInterfaceOrientationPortrait UIInterfaceOrientationPortraitUpsideDown UIInterfaceOrientationLandscapeLeft UIInterfaceOrientationLandscapeRight";
				INFOPLIST_KEY_UISupportedInterfaceOrientations_iPhone = "UIInterfaceOrientationPortrait UIInterfaceOrientationLandscapeLeft UIInterfaceOrientationLandscapeRight";
				LD_RUNPATH_SEARCH_PATHS = (
					"$(inherited)",
					"@executable_path/Frameworks",
				);
				MARKETING_VERSION = 1.0;
				PRODUCT_BUNDLE_IDENTIFIER = "com.ariuna.Portals-Ariuna";
				PRODUCT_NAME = "$(TARGET_NAME)";
				SWIFT_EMIT_LOC_STRINGS = YES;
				SWIFT_VERSION = 5.0;
				TARGETED_DEVICE_FAMILY = "1,2";
			};
			name = Release;
		};
/* End XCBuildConfiguration section */

/* Begin XCConfigurationList section */
		54A14AED293904D900D0229F /* Build configuration list for PBXProject "Portals_Ariuna" */ = {
			isa = XCConfigurationList;
			buildConfigurations = (
				54A14AFE293904D900D0229F /* Debug */,
				54A14AFF293904D900D0229F /* Release */,
			);
			defaultConfigurationIsVisible = 0;
			defaultConfigurationName = Release;
		};
		54A14B00293904D900D0229F /* Build configuration list for PBXNativeTarget "Portals_Ariuna" */ = {
			isa = XCConfigurationList;
			buildConfigurations = (
				54A14B01293904D900D0229F /* Debug */,
				54A14B02293904D900D0229F /* Release */,
			);
			defaultConfigurationIsVisible = 0;
			defaultConfigurationName = Release;
		};
/* End XCConfigurationList section */
	};
	rootObject = 54A14AEA293904D900D0229F /* Project object */;
}
